
Microsoft Visual Studio Solution File, Format Version 12.00
# Visual Studio Version 16
VisualStudioVersion = 16.0.30621.155
MinimumVisualStudioVersion = 10.0.40219.1
Project("{FAE04EC0-301F-11D3-BF4B-00C04F79EFBC}") = "ApiTienda", "ApiTienda.csproj", "{EBB56AD1-C2DB-4087-9D6D-BB484D6870A6}"
EndProject
Global
	GlobalSection(SolutionConfigurationPlatforms) = preSolution
		Debug|Any CPU = Debug|Any CPU
		Release|Any CPU = Release|Any CPU
	EndGlobalSection
	GlobalSection(ProjectConfigurationPlatforms) = postSolution
		{EBB56AD1-C2DB-4087-9D6D-BB484D6870A6}.Debug|Any CPU.ActiveCfg = Debug|Any CPU
		{EBB56AD1-C2DB-4087-9D6D-BB484D6870A6}.Debug|Any CPU.Build.0 = Debug|Any CPU
		{EBB56AD1-C2DB-4087-9D6D-BB484D6870A6}.Release|Any CPU.ActiveCfg = Release|Any CPU
		{EBB56AD1-C2DB-4087-9D6D-BB484D6870A6}.Release|Any CPU.Build.0 = Release|Any CPU
	EndGlobalSection
	GlobalSection(SolutionProperties) = preSolution
		HideSolutionNode = FALSE
	EndGlobalSection
	GlobalSection(ExtensibilityGlobals) = postSolution
		SolutionGuid = {2235EDB1-B044-4AD6-9F87-E38BDBA78DBE}
	EndGlobalSection
EndGlobal
